<?xml version="1.0" encoding="utf-8"?>
<Project ToolsVersion="4.0" xmlns="http://schemas.microsoft.com/developer/msbuild/2003">
  <ItemGroup>
    <Filter Include="Исходные файлы">
      <UniqueIdentifier>{4FC737F1-C7A5-4376-A066-2A32D752A2FF}</UniqueIdentifier>
      <Extensions>cpp;c;cc;cxx;c++;cppm;ixx;def;odl;idl;hpj;bat;asm;asmx</Extensions>
    </Filter>
    <Filter Include="Файлы заголовков">
      <UniqueIdentifier>{93995380-89BD-4b04-88EB-625FBE52EBFB}</UniqueIdentifier>
      <Extensions>h;hh;hpp;hxx;h++;hm;inl;inc;ipp;xsd</Extensions>
    </Filter>
    <Filter Include="Файлы ресурсов">
      <UniqueIdentifier>{67DA6AB6-F800-4c08-8B7A-83BB121AAD01}</UniqueIdentifier>
      <Extensions>rc;ico;cur;bmp;dlg;rc2;rct;bin;rgs;gif;jpg;jpeg;jpe;resx;tiff;tif;png;wav;mfcribbon-ms</Extensions>
    </Filter>
    <Filter Include="Файлы заголовков\icmp">
      <UniqueIdentifier>{7cef0f32-5052-4291-a037-2b124b778f1c}</UniqueIdentifier>
    </Filter>
    <Filter Include="Абстрактные классы">
      <UniqueIdentifier>{dc986582-346c-41ea-8b3f-f4d94acbcb3c}</UniqueIdentifier>
    </Filter>
  </ItemGroup>
  <ItemGroup>
    <ClCompile Include="server_virus_main.cpp">
      <Filter>Исходные файлы</Filter>
    </ClCompile>
  </ItemGroup>
  <ItemGroup>
    <ClInclude Include="icmp_header.h">
      <Filter>Файлы заголовков\icmp</Filter>
    </ClInclude>
    <ClInclude Include="ipv4_header.h">
      <Filter>Файлы заголовков\icmp</Filter>
    </ClInclude>
    <ClInclude Include="server_icmp.h">
      <Filter>Файлы заголовков\icmp</Filter>
    </ClInclude>
    <ClInclude Include="abstract_assymetrical_encryption.h">
      <Filter>Абстрактные классы</Filter>
    </ClInclude>
    <ClInclude Include="el_gamal.h">
      <Filter>Файлы заголовков</Filter>
    </ClInclude>
    <ClInclude Include="el_gamal_generator.h">
      <Filter>Файлы заголовков</Filter>
    </ClInclude>
  </ItemGroup>
</Project>